
Microsoft Visual Studio Solution File, Format Version 12.00
# Visual Studio Version 16
VisualStudioVersion = 16.0.29613.14
MinimumVisualStudioVersion = 10.0.40219.1
Project("{FAE04EC0-301F-11D3-BF4B-00C04F79EFBC}") = "Huten.App", "Huten.App\Huten.App.csproj", "{D60E8869-1DE5-4348-B318-2B818F9C7C51}"
EndProject
Project("{FAE04EC0-301F-11D3-BF4B-00C04F79EFBC}") = "Huten", "Huten\Huten.csproj", "{1CE4118D-364C-4AF5-AD61-084DCC09DFA5}"
EndProject
Global
	GlobalSection(SolutionConfigurationPlatforms) = preSolution
		Debug|Any CPU = Debug|Any CPU
		Release|Any CPU = Release|Any CPU
	EndGlobalSection
	GlobalSection(ProjectConfigurationPlatforms) = postSolution
		{D60E8869-1DE5-4348-B318-2B818F9C7C51}.Debug|Any CPU.ActiveCfg = Debug|Any CPU
		{D60E8869-1DE5-4348-B318-2B818F9C7C51}.Debug|Any CPU.Build.0 = Debug|Any CPU
		{D60E8869-1DE5-4348-B318-2B818F9C7C51}.Release|Any CPU.ActiveCfg = Release|Any CPU
		{D60E8869-1DE5-4348-B318-2B818F9C7C51}.Release|Any CPU.Build.0 = Release|Any CPU
		{1CE4118D-364C-4AF5-AD61-084DCC09DFA5}.Debug|Any CPU.ActiveCfg = Debug|Any CPU
		{1CE4118D-364C-4AF5-AD61-084DCC09DFA5}.Debug|Any CPU.Build.0 = Debug|Any CPU
		{1CE4118D-364C-4AF5-AD61-084DCC09DFA5}.Release|Any CPU.ActiveCfg = Release|Any CPU
		{1CE4118D-364C-4AF5-AD61-084DCC09DFA5}.Release|Any CPU.Build.0 = Release|Any CPU
	EndGlobalSection
	GlobalSection(SolutionProperties) = preSolution
		HideSolutionNode = FALSE
	EndGlobalSection
	GlobalSection(ExtensibilityGlobals) = postSolution
		SolutionGuid = {066B595F-5305-4C23-824D-662E964A425E}
	EndGlobalSection
EndGlobal
